
Microsoft Visual Studio Solution File, Format Version 12.00
# Visual Studio Version 17
VisualStudioVersion = 17.1.32210.238
MinimumVisualStudioVersion = 10.0.40219.1
Project("{FAE04EC0-301F-11D3-BF4B-00C04F79EFBC}") = "WeatherApp2", "WeatherApp2.csproj", "{F6AB196D-EBE2-40F5-B651-48C735006F42}"
EndProject
Global
	GlobalSection(SolutionConfigurationPlatforms) = preSolution
		Debug|Any CPU = Debug|Any CPU
		Release|Any CPU = Release|Any CPU
	EndGlobalSection
	GlobalSection(ProjectConfigurationPlatforms) = postSolution
		{F6AB196D-EBE2-40F5-B651-48C735006F42}.Debug|Any CPU.ActiveCfg = Debug|Any CPU
		{F6AB196D-EBE2-40F5-B651-48C735006F42}.Debug|Any CPU.Build.0 = Debug|Any CPU
		{F6AB196D-EBE2-40F5-B651-48C735006F42}.Release|Any CPU.ActiveCfg = Release|Any CPU
		{F6AB196D-EBE2-40F5-B651-48C735006F42}.Release|Any CPU.Build.0 = Release|Any CPU
	EndGlobalSection
	GlobalSection(SolutionProperties) = preSolution
		HideSolutionNode = FALSE
	EndGlobalSection
	GlobalSection(ExtensibilityGlobals) = postSolution
		SolutionGuid = {81EC7A26-E48A-49AE-8A7B-7416E4DE82BF}
	EndGlobalSection
EndGlobal
